
Microsoft Visual Studio Solution File, Format Version 12.00
# Visual Studio 15
VisualStudioVersion = 15.0.27130.2010
MinimumVisualStudioVersion = 10.0.40219.1
Project("{FAE04EC0-301F-11D3-BF4B-00C04F79EFBC}") = "OracleTest", "OracleTest\OracleTest.csproj", "{5A99BC9E-A51D-454D-91EE-4EA1C21D17E7}"
EndProject
Global
	GlobalSection(SolutionConfigurationPlatforms) = preSolution
		Debug|Any CPU = Debug|Any CPU
		Release|Any CPU = Release|Any CPU
	EndGlobalSection
	GlobalSection(ProjectConfigurationPlatforms) = postSolution
		{5A99BC9E-A51D-454D-91EE-4EA1C21D17E7}.Debug|Any CPU.ActiveCfg = Debug|Any CPU
		{5A99BC9E-A51D-454D-91EE-4EA1C21D17E7}.Debug|Any CPU.Build.0 = Debug|Any CPU
		{5A99BC9E-A51D-454D-91EE-4EA1C21D17E7}.Release|Any CPU.ActiveCfg = Release|Any CPU
		{5A99BC9E-A51D-454D-91EE-4EA1C21D17E7}.Release|Any CPU.Build.0 = Release|Any CPU
	EndGlobalSection
	GlobalSection(SolutionProperties) = preSolution
		HideSolutionNode = FALSE
	EndGlobalSection
	GlobalSection(ExtensibilityGlobals) = postSolution
		SolutionGuid = {DC2C2BBF-E965-435C-ADEB-346C05FB01AE}
	EndGlobalSection
EndGlobal
